dependencies:
- name: common
  repository: https://charts.bitnami.com/bitnami
  version: 2.13.4
- name: reloader
  repository: https://stakater.github.io/stakater-charts
  version: 1.3.0
digest: sha256:d80370c15aa9e5bb60242a89978b8e06737af6e7442c1fb6bbc0d7b2515f056d
generated: "2026-08-26T19:34:50.359220316Z"
