dependencies:
- name: common
  repository: https://charts.bitnami.com/bitnami
  version: 2.19.0
- name: reloader
  repository: https://stakater.github.io/stakater-charts
  version: 1.0.54
digest: sha256:1eceeb64125f6f4dac010a5d4b58664ab29c695df30bd5c2a26736e4099a6a50
generated: "2024-03-15T10:17:15.674661052Z"
